
Microsoft Visual Studio Solution File, Format Version 12.00
# Visual Studio 15
VisualStudioVersion = 15.0.27703.2042
MinimumVisualStudioVersion = 10.0.40219.1
Project("{FAE04EC0-301F-11D3-BF4B-00C04F79EFBC}") = "BasicC-coding-task13", "BasicC-coding-task13\BasicC-coding-task13.csproj", "{B8556C45-432C-4ECE-AC16-AE83B47A59C5}"
EndProject
Project("{FAE04EC0-301F-11D3-BF4B-00C04F79EFBC}") = "BasicC-coding-task13-NUnit", "BasicC-coding-task13-NUnit\BasicC-coding-task13-NUnit.csproj", "{37DD853A-A8A9-428A-AB68-3B52B3CD72ED}"
EndProject
Global
	GlobalSection(SolutionConfigurationPlatforms) = preSolution
		Debug|Any CPU = Debug|Any CPU
		Release|Any CPU = Release|Any CPU
	EndGlobalSection
	GlobalSection(ProjectConfigurationPlatforms) = postSolution
		{B8556C45-432C-4ECE-AC16-AE83B47A59C5}.Debug|Any CPU.ActiveCfg = Debug|Any CPU
		{B8556C45-432C-4ECE-AC16-AE83B47A59C5}.Debug|Any CPU.Build.0 = Debug|Any CPU
		{B8556C45-432C-4ECE-AC16-AE83B47A59C5}.Release|Any CPU.ActiveCfg = Release|Any CPU
		{B8556C45-432C-4ECE-AC16-AE83B47A59C5}.Release|Any CPU.Build.0 = Release|Any CPU
		{37DD853A-A8A9-428A-AB68-3B52B3CD72ED}.Debug|Any CPU.ActiveCfg = Debug|Any CPU
		{37DD853A-A8A9-428A-AB68-3B52B3CD72ED}.Debug|Any CPU.Build.0 = Debug|Any CPU
		{37DD853A-A8A9-428A-AB68-3B52B3CD72ED}.Release|Any CPU.ActiveCfg = Release|Any CPU
		{37DD853A-A8A9-428A-AB68-3B52B3CD72ED}.Release|Any CPU.Build.0 = Release|Any CPU
	EndGlobalSection
	GlobalSection(SolutionProperties) = preSolution
		HideSolutionNode = FALSE
	EndGlobalSection
	GlobalSection(ExtensibilityGlobals) = postSolution
		SolutionGuid = {D91DC067-7D61-496D-93E0-C67D2B411B7D}
	EndGlobalSection
EndGlobal
