
Microsoft Visual Studio Solution File, Format Version 12.00
# Visual Studio 15
VisualStudioVersion = 15.0.27703.2042
MinimumVisualStudioVersion = 10.0.40219.1
Project("{FAE04EC0-301F-11D3-BF4B-00C04F79EFBC}") = "list-tutorial", "list-tutorial\list-tutorial.csproj", "{6B922C46-5DD9-4C8C-A7E6-3F7B4EA24C6D}"
EndProject
Global
	GlobalSection(SolutionConfigurationPlatforms) = preSolution
		Debug|Any CPU = Debug|Any CPU
		Release|Any CPU = Release|Any CPU
	EndGlobalSection
	GlobalSection(ProjectConfigurationPlatforms) = postSolution
		{6B922C46-5DD9-4C8C-A7E6-3F7B4EA24C6D}.Debug|Any CPU.ActiveCfg = Debug|Any CPU
		{6B922C46-5DD9-4C8C-A7E6-3F7B4EA24C6D}.Debug|Any CPU.Build.0 = Debug|Any CPU
		{6B922C46-5DD9-4C8C-A7E6-3F7B4EA24C6D}.Release|Any CPU.ActiveCfg = Release|Any CPU
		{6B922C46-5DD9-4C8C-A7E6-3F7B4EA24C6D}.Release|Any CPU.Build.0 = Release|Any CPU
	EndGlobalSection
	GlobalSection(SolutionProperties) = preSolution
		HideSolutionNode = FALSE
	EndGlobalSection
	GlobalSection(ExtensibilityGlobals) = postSolution
		SolutionGuid = {F7C65107-E346-47E2-A27E-DD4FDA2D43EF}
	EndGlobalSection
EndGlobal
